Microsoft Visual Studio Solution File, Format Version 12.00
# Visual Studio Version 17
VisualStudioVersion = 17.12.35506.116
MinimumVisualStudioVersion = 10.0.40219.1
Project("{FAE04EC0-301F-11D3-BF4B-00C04F79EFBC}") = "Catglobe.CgScript.Common", "Catglobe.CgScript.Common\Catglobe.CgScript.Common.csproj", "{D4239957-AC54-48F2-9943-590AB4295E66}"
EndProject
Project("{FAE04EC0-301F-11D3-BF4B-00C04F79EFBC}") = "Catglobe.CgScript.Deployment", "Catglobe.CgScript.Deployment\Catglobe.CgScript.Deployment.csproj", "{7314D11F-525B-4E0C-B989-D8A26000E72A}"
EndProject
Project("{FAE04EC0-301F-11D3-BF4B-00C04F79EFBC}") = "Catglobe.CgScript.Runtime", "Catglobe.CgScript.Runtime\Catglobe.CgScript.Runtime.csproj", "{AAFD7FA5-D7CC-4F87-BC0C-5958A66B4080}"
EndProject
Project("{FAE04EC0-301F-11D3-BF4B-00C04F79EFBC}") = "BlazorWebApp", "demos\BlazorWebApp\BlazorWebApp\BlazorWebApp.csproj", "{3BB82283-60AD-4324-8E11-F11CE7694F4F}"
EndProject
Project("{FAE04EC0-301F-11D3-BF4B-00C04F79EFBC}") = "BlazorWebApp.Client", "demos\BlazorWebApp\BlazorWebApp.Client\BlazorWebApp.Client.csproj", "{E1C0DF44-B4A4-412C-B7DE-DE2B85CB1619}"
EndProject
Project("{2150E333-8FDC-42A3-9474-1A3956D46DE8}") = "Demos", "Demos", "{F50E86D7-2951-4E55-A842-56AEB167E53E}"
EndProject
Global
	GlobalSection(SolutionConfigurationPlatforms) = preSolution
		Debug|Any CPU = Debug|Any CPU
		Release|Any CPU = Release|Any CPU
	EndGlobalSection
	GlobalSection(ProjectConfigurationPlatforms) = postSolution
		{D4239957-AC54-48F2-9943-590AB4295E66}.Debug|Any CPU.ActiveCfg = Debug|Any CPU
		{D4239957-AC54-48F2-9943-590AB4295E66}.Debug|Any CPU.Build.0 = Debug|Any CPU
		{D4239957-AC54-48F2-9943-590AB4295E66}.Release|Any CPU.ActiveCfg = Release|Any CPU
		{D4239957-AC54-48F2-9943-590AB4295E66}.Release|Any CPU.Build.0 = Release|Any CPU
		{7314D11F-525B-4E0C-B989-D8A26000E72A}.Debug|Any CPU.ActiveCfg = Debug|Any CPU
		{7314D11F-525B-4E0C-B989-D8A26000E72A}.Debug|Any CPU.Build.0 = Debug|Any CPU
		{7314D11F-525B-4E0C-B989-D8A26000E72A}.Release|Any CPU.ActiveCfg = Release|Any CPU
		{7314D11F-525B-4E0C-B989-D8A26000E72A}.Release|Any CPU.Build.0 = Release|Any CPU
		{AAFD7FA5-D7CC-4F87-BC0C-5958A66B4080}.Debug|Any CPU.ActiveCfg = Debug|Any CPU
		{AAFD7FA5-D7CC-4F87-BC0C-5958A66B4080}.Debug|Any CPU.Build.0 = Debug|Any CPU
		{AAFD7FA5-D7CC-4F87-BC0C-5958A66B4080}.Release|Any CPU.ActiveCfg = Release|Any CPU
		{AAFD7FA5-D7CC-4F87-BC0C-5958A66B4080}.Release|Any CPU.Build.0 = Release|Any CPU
		{3BB82283-60AD-4324-8E11-F11CE7694F4F}.Debug|Any CPU.ActiveCfg = Debug|Any CPU
		{3BB82283-60AD-4324-8E11-F11CE7694F4F}.Debug|Any CPU.Build.0 = Debug|Any CPU
		{3BB82283-60AD-4324-8E11-F11CE7694F4F}.Release|Any CPU.ActiveCfg = Release|Any CPU
		{3BB82283-60AD-4324-8E11-F11CE7694F4F}.Release|Any CPU.Build.0 = Release|Any CPU
		{E1C0DF44-B4A4-412C-B7DE-DE2B85CB1619}.Debug|Any CPU.ActiveCfg = Debug|Any CPU
		{E1C0DF44-B4A4-412C-B7DE-DE2B85CB1619}.Debug|Any CPU.Build.0 = Debug|Any CPU
		{E1C0DF44-B4A4-412C-B7DE-DE2B85CB1619}.Release|Any CPU.ActiveCfg = Release|Any CPU
		{E1C0DF44-B4A4-412C-B7DE-DE2B85CB1619}.Release|Any CPU.Build.0 = Release|Any CPU
	EndGlobalSection
	GlobalSection(SolutionProperties) = preSolution
		HideSolutionNode = FALSE
	EndGlobalSection
	GlobalSection(NestedProjects) = preSolution
		{3BB82283-60AD-4324-8E11-F11CE7694F4F} = {F50E86D7-2951-4E55-A842-56AEB167E53E}
		{E1C0DF44-B4A4-412C-B7DE-DE2B85CB1619} = {F50E86D7-2951-4E55-A842-56AEB167E53E}
	EndGlobalSection
EndGlobal
